{
  "name": "chapter8-full",
  "requires": true,
  "lockfileVersion": 1,
  "dependencies": {
    "babel-runtime": {
      "version": "6.26.0",
      "resolved": "https://registry.npm.taobao.org/babel-runtime/download/babel-runtime-6.26.0.tgz",
      "integrity": "sha1-llxwWGaOgrVde/4E/yM3vItWR/4=",
      "requires": {
        "core-js": "2.6.11",
        "regenerator-runtime": "0.11.1"
      },
      "dependencies": {
        "core-js": {
          "version": "2.6.11",
          "resolved": "https://registry.npm.taobao.org/core-js/download/core-js-2.6.11.tgz",
          "integrity": "sha1-OIMUafmSK97Y7iHJ3EaYXgOZMIw="
        },
        "regenerator-runtime": {
          "version": "0.11.1",
          "resolved": "https://registry.npm.taobao.org/regenerator-runtime/download/regenerator-runtime-0.11.1.tgz?cache=0&sync_timestamp=1595456117883&other_urls=https%3A%2F%2Fregistry.npm.taobao.org%2Fregenerator-runtime%2Fdownload%2Fregenerator-runtime-0.11.1.tgz",
          "integrity": "sha1-vgWtf5v30i4Fb5cmzuUBf78Z4uk="
        }
      }
    },
    "core-js": {
      "version": "3.6.5",
      "resolved": "https://registry.npm.taobao.org/core-js/download/core-js-3.6.5.tgz",
      "integrity": "sha1-c5XcJzrzf7LlDpvT2f6EEoUjHRo="
    },
    "vue": {
      "version": "2.6.12",
      "resolved": "https://registry.npm.taobao.org/vue/download/vue-2.6.12.tgz?cache=0&sync_timestamp=1603224263683&other_urls=https%3A%2F%2Fregistry.npm.taobao.org%2Fvue%2Fdownload%2Fvue-2.6.12.tgz",
      "integrity": "sha1-9evU+mvShpQD4pqJau1JBEVskSM="
    },
    "vue-meteor-tracker": {
      "version": "1.2.3",
      "resolved": "https://registry.npm.taobao.org/vue-meteor-tracker/download/vue-meteor-tracker-1.2.3.tgz",
      "integrity": "sha1-7wiuyVbC+mwjFFuufw8oFIDtsFA=",
      "requires": {
        "lodash.omit": "4.5.0"
      },
      "dependencies": {
        "lodash.omit": {
          "version": "4.5.0",
          "resolved": "https://registry.npm.taobao.org/lodash.omit/download/lodash.omit-4.5.0.tgz",
          "integrity": "sha1-brGa5aHuHdnfC5aeZs4Lf6MLXmA="
        }
      }
    },
    "vue-progress-path": {
      "version": "0.0.2",
      "resolved": "https://registry.npm.taobao.org/vue-progress-path/download/vue-progress-path-0.0.2.tgz",
      "integrity": "sha1-14D8epbbx/eE61KJWu73pfCvYyU="
    },
    "vue-router": {
      "version": "3.4.7",
      "resolved": "https://registry.npm.taobao.org/vue-router/download/vue-router-3.4.7.tgz?cache=0&sync_timestamp=1602838745905&other_urls=https%3A%2F%2Fregistry.npm.taobao.org%2Fvue-router%2Fdownload%2Fvue-router-3.4.7.tgz",
      "integrity": "sha1-vxibr9FvTk73g8SmJQowkPLB+hs="
    }
  }
}
